
Microsoft Visual Studio Solution File, Format Version 12.00
# Visual Studio Version 17
VisualStudioVersion = 17.8.34309.116
MinimumVisualStudioVersion = 10.0.40219.1
Project("{9A19103F-16F7-4668-BE54-9A1E7A4F7556}") = "SecondsClient", "SecondsClient\SecondsClient.csproj", "{8A87B630-FAEA-485E-8786-54803249CD94}"
EndProject
Project("{FAE04EC0-301F-11D3-BF4B-00C04F79EFBC}") = "SecondsClientTests", "SecondsClientTests\SecondsClientTests.csproj", "{631369B5-D69F-42DF-9EDA-3CF5909FC9FF}"
EndProject
Global
	GlobalSection(SolutionConfigurationPlatforms) = preSolution
		Debug|Any CPU = Debug|Any CPU
		Release|Any CPU = Release|Any CPU
	EndGlobalSection
	GlobalSection(ProjectConfigurationPlatforms) = postSolution
		{8A87B630-FAEA-485E-8786-54803249CD94}.Debug|Any CPU.ActiveCfg = Debug|Any CPU
		{8A87B630-FAEA-485E-8786-54803249CD94}.Debug|Any CPU.Build.0 = Debug|Any CPU
		{8A87B630-FAEA-485E-8786-54803249CD94}.Debug|Any CPU.Deploy.0 = Debug|Any CPU
		{8A87B630-FAEA-485E-8786-54803249CD94}.Release|Any CPU.ActiveCfg = Release|Any CPU
		{8A87B630-FAEA-485E-8786-54803249CD94}.Release|Any CPU.Build.0 = Release|Any CPU
		{8A87B630-FAEA-485E-8786-54803249CD94}.Release|Any CPU.Deploy.0 = Release|Any CPU
		{631369B5-D69F-42DF-9EDA-3CF5909FC9FF}.Debug|Any CPU.ActiveCfg = Debug|Any CPU
		{631369B5-D69F-42DF-9EDA-3CF5909FC9FF}.Debug|Any CPU.Build.0 = Debug|Any CPU
		{631369B5-D69F-42DF-9EDA-3CF5909FC9FF}.Release|Any CPU.ActiveCfg = Release|Any CPU
		{631369B5-D69F-42DF-9EDA-3CF5909FC9FF}.Release|Any CPU.Build.0 = Release|Any CPU
	EndGlobalSection
	GlobalSection(SolutionProperties) = preSolution
		HideSolutionNode = FALSE
	EndGlobalSection
	GlobalSection(ExtensibilityGlobals) = postSolution
		SolutionGuid = {882C3E15-562D-4A00-B351-F9BE0CA7160A}
	EndGlobalSection
EndGlobal
